
Microsoft Visual Studio Solution File, Format Version 12.00
# Visual Studio 14
VisualStudioVersion = 14.0.25420.1
MinimumVisualStudioVersion = 10.0.40219.1
Project("{F088123C-0E9E-452A-89E6-6BA2F21D5CAC}") = "EjemploDiagramadeClases", "EjemploDiagramadeClases\EjemploDiagramadeClases.modelproj", "{F239027C-8D92-49EB-A340-D8687A955AAE}"
EndProject
Project("{FAE04EC0-301F-11D3-BF4B-00C04F79EFBC}") = "EjemploDiagramadeClasesLib", "EjemploDiagramadeClasesLib\EjemploDiagramadeClasesLib.csproj", "{D6244EC7-9455-4DDA-808D-8907EC8EFAF7}"
EndProject
Global
	GlobalSection(SolutionConfigurationPlatforms) = preSolution
		Debug|Any CPU = Debug|Any CPU
		Release|Any CPU = Release|Any CPU
	EndGlobalSection
	GlobalSection(ProjectConfigurationPlatforms) = postSolution
		{F239027C-8D92-49EB-A340-D8687A955AAE}.Debug|Any CPU.ActiveCfg = Debug|Any CPU
		{F239027C-8D92-49EB-A340-D8687A955AAE}.Debug|Any CPU.Build.0 = Debug|Any CPU
		{F239027C-8D92-49EB-A340-D8687A955AAE}.Release|Any CPU.ActiveCfg = Release|Any CPU
		{F239027C-8D92-49EB-A340-D8687A955AAE}.Release|Any CPU.Build.0 = Release|Any CPU
		{D6244EC7-9455-4DDA-808D-8907EC8EFAF7}.Debug|Any CPU.ActiveCfg = Debug|Any CPU
		{D6244EC7-9455-4DDA-808D-8907EC8EFAF7}.Debug|Any CPU.Build.0 = Debug|Any CPU
		{D6244EC7-9455-4DDA-808D-8907EC8EFAF7}.Release|Any CPU.ActiveCfg = Release|Any CPU
		{D6244EC7-9455-4DDA-808D-8907EC8EFAF7}.Release|Any CPU.Build.0 = Release|Any CPU
	EndGlobalSection
	GlobalSection(SolutionProperties) = preSolution
		HideSolutionNode = FALSE
	EndGlobalSection
EndGlobal
